
Microsoft Visual Studio Solution File, Format Version 12.00
# Visual Studio Version 17
VisualStudioVersion = 17.6.33815.320
MinimumVisualStudioVersion = 10.0.40219.1
Project("{9A19103F-16F7-4668-BE54-9A1E7A4F7556}") = "Employee Salary Service Tests", "EmployeeTest\Employee Salary Service Tests.csproj", "{39A36FC3-B5C3-40C9-BFE1-961E22BA4C58}"
EndProject
Project("{9A19103F-16F7-4668-BE54-9A1E7A4F7556}") = "Employee Salary Service", "Employee Salary Service\Employee Salary Service.csproj", "{7292E750-05F0-4F3D-AB08-710F8DEE5C19}"
EndProject
Global
	GlobalSection(SolutionConfigurationPlatforms) = preSolution
		Debug|Any CPU = Debug|Any CPU
		Release|Any CPU = Release|Any CPU
	EndGlobalSection
	GlobalSection(ProjectConfigurationPlatforms) = postSolution
		{39A36FC3-B5C3-40C9-BFE1-961E22BA4C58}.Debug|Any CPU.ActiveCfg = Debug|Any CPU
		{39A36FC3-B5C3-40C9-BFE1-961E22BA4C58}.Debug|Any CPU.Build.0 = Debug|Any CPU
		{39A36FC3-B5C3-40C9-BFE1-961E22BA4C58}.Release|Any CPU.ActiveCfg = Release|Any CPU
		{39A36FC3-B5C3-40C9-BFE1-961E22BA4C58}.Release|Any CPU.Build.0 = Release|Any CPU
		{7292E750-05F0-4F3D-AB08-710F8DEE5C19}.Debug|Any CPU.ActiveCfg = Debug|Any CPU
		{7292E750-05F0-4F3D-AB08-710F8DEE5C19}.Debug|Any CPU.Build.0 = Debug|Any CPU
		{7292E750-05F0-4F3D-AB08-710F8DEE5C19}.Release|Any CPU.ActiveCfg = Release|Any CPU
		{7292E750-05F0-4F3D-AB08-710F8DEE5C19}.Release|Any CPU.Build.0 = Release|Any CPU
	EndGlobalSection
	GlobalSection(SolutionProperties) = preSolution
		HideSolutionNode = FALSE
	EndGlobalSection
	GlobalSection(ExtensibilityGlobals) = postSolution
		SolutionGuid = {1558741B-A994-4A86-B3CD-C4575E6775FB}
	EndGlobalSection
EndGlobal
